
Microsoft Visual Studio Solution File, Format Version 12.00
# Visual Studio Version 17
VisualStudioVersion = 17.5.002.0
MinimumVisualStudioVersion = 10.0.40219.1
Project("{9A19103F-16F7-4668-BE54-9A1E7A4F7556}") = "Starter", "Starter.csproj", "{1A1351D0-F58B-4C4A-9694-ABEB5F5B8F7F}"
EndProject
Global
	GlobalSection(SolutionConfigurationPlatforms) = preSolution
		Debug|Any CPU = Debug|Any CPU
		Release|Any CPU = Release|Any CPU
	EndGlobalSection
	GlobalSection(ProjectConfigurationPlatforms) = postSolution
		{1A1351D0-F58B-4C4A-9694-ABEB5F5B8F7F}.Debug|Any CPU.ActiveCfg = Debug|Any CPU
		{1A1351D0-F58B-4C4A-9694-ABEB5F5B8F7F}.Debug|Any CPU.Build.0 = Debug|Any CPU
		{1A1351D0-F58B-4C4A-9694-ABEB5F5B8F7F}.Release|Any CPU.ActiveCfg = Release|Any CPU
		{1A1351D0-F58B-4C4A-9694-ABEB5F5B8F7F}.Release|Any CPU.Build.0 = Release|Any CPU
	EndGlobalSection
	GlobalSection(SolutionProperties) = preSolution
		HideSolutionNode = FALSE
	EndGlobalSection
	GlobalSection(ExtensibilityGlobals) = postSolution
		SolutionGuid = {B7BE5F02-2EFE-4D5D-B3D1-EF6BF5873F08}
	EndGlobalSection
EndGlobal
