
Microsoft Visual Studio Solution File, Format Version 12.00
# Visual Studio Version 17
VisualStudioVersion = 17.5.002.0
MinimumVisualStudioVersion = 10.0.40219.1
Project("{9A19103F-16F7-4668-BE54-9A1E7A4F7556}") = "Starter", "Starter.csproj", "{19A5665F-02F5-4D6D-BDD1-C57CD8B26560}"
EndProject
Global
	GlobalSection(SolutionConfigurationPlatforms) = preSolution
		Debug|Any CPU = Debug|Any CPU
		Release|Any CPU = Release|Any CPU
	EndGlobalSection
	GlobalSection(ProjectConfigurationPlatforms) = postSolution
		{19A5665F-02F5-4D6D-BDD1-C57CD8B26560}.Debug|Any CPU.ActiveCfg = Debug|Any CPU
		{19A5665F-02F5-4D6D-BDD1-C57CD8B26560}.Debug|Any CPU.Build.0 = Debug|Any CPU
		{19A5665F-02F5-4D6D-BDD1-C57CD8B26560}.Release|Any CPU.ActiveCfg = Release|Any CPU
		{19A5665F-02F5-4D6D-BDD1-C57CD8B26560}.Release|Any CPU.Build.0 = Release|Any CPU
	EndGlobalSection
	GlobalSection(SolutionProperties) = preSolution
		HideSolutionNode = FALSE
	EndGlobalSection
	GlobalSection(ExtensibilityGlobals) = postSolution
		SolutionGuid = {5DC32C3E-73AF-4DDE-86A2-0AF937E78C7D}
	EndGlobalSection
EndGlobal
