
Microsoft Visual Studio Solution File, Format Version 12.00
# Visual Studio Version 17
VisualStudioVersion = 17.0.31903.59
MinimumVisualStudioVersion = 10.0.40219.1
Project("{FAE04EC0-301F-11D3-BF4B-00C04F79EFBC}") = "TestUI1", "TestUI1\TestUI1.csproj", "{56BFB4FB-6E0E-48E0-BD99-DF13A9E3810A}"
EndProject
Project("{FAE04EC0-301F-11D3-BF4B-00C04F79EFBC}") = "HelperLib1", "HelperLib1\HelperLib1.csproj", "{21DF2758-0068-4015-9B94-B8F4F0C5E053}"
EndProject
Global
	GlobalSection(SolutionConfigurationPlatforms) = preSolution
		Debug|Any CPU = Debug|Any CPU
		Release|Any CPU = Release|Any CPU
	EndGlobalSection
	GlobalSection(SolutionProperties) = preSolution
		HideSolutionNode = FALSE
	EndGlobalSection
	GlobalSection(ProjectConfigurationPlatforms) = postSolution
		{56BFB4FB-6E0E-48E0-BD99-DF13A9E3810A}.Debug|Any CPU.ActiveCfg = Debug|Any CPU
		{56BFB4FB-6E0E-48E0-BD99-DF13A9E3810A}.Debug|Any CPU.Build.0 = Debug|Any CPU
		{56BFB4FB-6E0E-48E0-BD99-DF13A9E3810A}.Release|Any CPU.ActiveCfg = Release|Any CPU
		{56BFB4FB-6E0E-48E0-BD99-DF13A9E3810A}.Release|Any CPU.Build.0 = Release|Any CPU
		{21DF2758-0068-4015-9B94-B8F4F0C5E053}.Debug|Any CPU.ActiveCfg = Debug|Any CPU
		{21DF2758-0068-4015-9B94-B8F4F0C5E053}.Debug|Any CPU.Build.0 = Debug|Any CPU
		{21DF2758-0068-4015-9B94-B8F4F0C5E053}.Release|Any CPU.ActiveCfg = Release|Any CPU
		{21DF2758-0068-4015-9B94-B8F4F0C5E053}.Release|Any CPU.Build.0 = Release|Any CPU
	EndGlobalSection
EndGlobal
