
Microsoft Visual Studio Solution File, Format Version 12.00
# Visual Studio Version 17
VisualStudioVersion = 17.5.002.0
MinimumVisualStudioVersion = 10.0.40219.1
Project("{9A19103F-16F7-4668-BE54-9A1E7A4F7556}") = "ExtractHTML", "ExtractHTML.csproj", "{F3E4B463-764A-4468-AC1C-9A746E8AA253}"
EndProject
Global
	GlobalSection(SolutionConfigurationPlatforms) = preSolution
		Debug|Any CPU = Debug|Any CPU
		Release|Any CPU = Release|Any CPU
	EndGlobalSection
	GlobalSection(ProjectConfigurationPlatforms) = postSolution
		{F3E4B463-764A-4468-AC1C-9A746E8AA253}.Debug|Any CPU.ActiveCfg = Debug|Any CPU
		{F3E4B463-764A-4468-AC1C-9A746E8AA253}.Debug|Any CPU.Build.0 = Debug|Any CPU
		{F3E4B463-764A-4468-AC1C-9A746E8AA253}.Release|Any CPU.ActiveCfg = Release|Any CPU
		{F3E4B463-764A-4468-AC1C-9A746E8AA253}.Release|Any CPU.Build.0 = Release|Any CPU
	EndGlobalSection
	GlobalSection(SolutionProperties) = preSolution
		HideSolutionNode = FALSE
	EndGlobalSection
	GlobalSection(ExtensibilityGlobals) = postSolution
		SolutionGuid = {73862C06-744C-431B-A1AE-F20C8E8254CD}
	EndGlobalSection
EndGlobal
