
Microsoft Visual Studio Solution File, Format Version 12.00
# Visual Studio Version 17
VisualStudioVersion = 17.5.002.0
MinimumVisualStudioVersion = 10.0.40219.1
Project("{9A19103F-16F7-4668-BE54-9A1E7A4F7556}") = "Starter", "Starter.csproj", "{8A58896A-99DF-4B85-ABF5-07A8B3C392D9}"
EndProject
Global
	GlobalSection(SolutionConfigurationPlatforms) = preSolution
		Debug|Any CPU = Debug|Any CPU
		Release|Any CPU = Release|Any CPU
	EndGlobalSection
	GlobalSection(ProjectConfigurationPlatforms) = postSolution
		{8A58896A-99DF-4B85-ABF5-07A8B3C392D9}.Debug|Any CPU.ActiveCfg = Debug|Any CPU
		{8A58896A-99DF-4B85-ABF5-07A8B3C392D9}.Debug|Any CPU.Build.0 = Debug|Any CPU
		{8A58896A-99DF-4B85-ABF5-07A8B3C392D9}.Release|Any CPU.ActiveCfg = Release|Any CPU
		{8A58896A-99DF-4B85-ABF5-07A8B3C392D9}.Release|Any CPU.Build.0 = Release|Any CPU
	EndGlobalSection
	GlobalSection(SolutionProperties) = preSolution
		HideSolutionNode = FALSE
	EndGlobalSection
	GlobalSection(ExtensibilityGlobals) = postSolution
		SolutionGuid = {82259A12-D2B3-44DA-88D1-04B27D8AA854}
	EndGlobalSection
EndGlobal
